
Microsoft Visual Studio Solution File, Format Version 12.00
# Visual Studio Version 17
VisualStudioVersion = 17.2.32516.85
MinimumVisualStudioVersion = 10.0.40219.1
Project("{8BC9CEB8-8B4A-11D0-8D11-00A0C91BC942}") = "Albus-Box", "Albus-Box\Albus-Box.vcxproj", "{5F5F75EF-8CFE-44A9-B07F-0DD782873583}"
EndProject
Global
	GlobalSection(SolutionConfigurationPlatforms) = preSolution
		Debug|x64 = Debug|x64
		Release|x64 = Release|x64
	EndGlobalSection
	GlobalSection(ProjectConfigurationPlatforms) = postSolution
		{5F5F75EF-8CFE-44A9-B07F-0DD782873583}.Debug|x64.ActiveCfg = Debug|x64
		{5F5F75EF-8CFE-44A9-B07F-0DD782873583}.Debug|x64.Build.0 = Debug|x64
		{5F5F75EF-8CFE-44A9-B07F-0DD782873583}.Release|x64.ActiveCfg = Release|x64
		{5F5F75EF-8CFE-44A9-B07F-0DD782873583}.Release|x64.Build.0 = Release|x64
	EndGlobalSection
	GlobalSection(SolutionProperties) = preSolution
		HideSolutionNode = FALSE
	EndGlobalSection
	GlobalSection(ExtensibilityGlobals) = postSolution
		SolutionGuid = {17E5A55A-C5E5-4ADD-94B2-890C47D2B430}
	EndGlobalSection
EndGlobal
