
Microsoft Visual Studio Solution File, Format Version 12.00
# Visual Studio Version 16
VisualStudioVersion = 16.0.31727.386
MinimumVisualStudioVersion = 10.0.40219.1
Project("{8BC9CEB8-8B4A-11D0-8D11-00A0C91BC942}") = "Albus-Box", "Albus-Box\Albus-Box.vcxproj", "{0154827D-C0C7-4202-8FA6-8A5C262D7E8D}"
EndProject
Global
	GlobalSection(SolutionConfigurationPlatforms) = preSolution
		Debug|x64 = Debug|x64
		Release|x64 = Release|x64
	EndGlobalSection
	GlobalSection(ProjectConfigurationPlatforms) = postSolution
		{0154827D-C0C7-4202-8FA6-8A5C262D7E8D}.Debug|x64.ActiveCfg = Debug|x64
		{0154827D-C0C7-4202-8FA6-8A5C262D7E8D}.Debug|x64.Build.0 = Debug|x64
		{0154827D-C0C7-4202-8FA6-8A5C262D7E8D}.Release|x64.ActiveCfg = Release|x64
		{0154827D-C0C7-4202-8FA6-8A5C262D7E8D}.Release|x64.Build.0 = Release|x64
	EndGlobalSection
	GlobalSection(SolutionProperties) = preSolution
		HideSolutionNode = FALSE
	EndGlobalSection
	GlobalSection(ExtensibilityGlobals) = postSolution
		SolutionGuid = {3BA8E43F-2F90-4950-9F8B-E9221A120160}
	EndGlobalSection
EndGlobal
