
Microsoft Visual Studio Solution File, Format Version 12.00
# Visual Studio Version 16
VisualStudioVersion = 16.0.29519.87
MinimumVisualStudioVersion = 10.0.40219.1
Project("{8BC9CEB8-8B4A-11D0-8D11-00A0C91BC942}") = "Albus-Box", "Albus-Box\Albus-Box.vcxproj", "{5049C830-14B3-4823-8F04-B3FF18CA707C}"
EndProject
Global
	GlobalSection(SolutionConfigurationPlatforms) = preSolution
		Debug|x64 = Debug|x64
		Release|x64 = Release|x64
	EndGlobalSection
	GlobalSection(ProjectConfigurationPlatforms) = postSolution
		{5049C830-14B3-4823-8F04-B3FF18CA707C}.Debug|x64.ActiveCfg = Debug|x64
		{5049C830-14B3-4823-8F04-B3FF18CA707C}.Debug|x64.Build.0 = Debug|x64
		{5049C830-14B3-4823-8F04-B3FF18CA707C}.Release|x64.ActiveCfg = Release|x64
		{5049C830-14B3-4823-8F04-B3FF18CA707C}.Release|x64.Build.0 = Release|x64
	EndGlobalSection
	GlobalSection(SolutionProperties) = preSolution
		HideSolutionNode = FALSE
	EndGlobalSection
	GlobalSection(ExtensibilityGlobals) = postSolution
		SolutionGuid = {D64BAFFE-5E8B-424B-89A8-9ECD958FC957}
	EndGlobalSection
EndGlobal
